<?xml version="1.0" encoding="utf-8"?>
<Project ToolsVersion="4.0" xmlns="http://schemas.microsoft.com/developer/msbuild/2003">
  <ItemGroup>
    <Filter Include="Source Files">
      <UniqueIdentifier>{4FC737F1-C7A5-4376-A066-2A32D752A2FF}</UniqueIdentifier>
      <Extensions>cpp;c;cc;cxx;def;odl;idl;hpj;bat;asm;asmx</Extensions>
    </Filter>
    <Filter Include="Header Files">
      <UniqueIdentifier>{93995380-89BD-4b04-88EB-625FBE52EBFB}</UniqueIdentifier>
      <Extensions>h;hh;hpp;hxx;hm;inl;inc;xsd</Extensions>
    </Filter>
    <Filter Include="Resource Files">
      <UniqueIdentifier>{67DA6AB6-F800-4c08-8B7A-83BB121AAD01}</UniqueIdentifier>
      <Extensions>rc;ico;cur;bmp;dlg;rc2;rct;bin;rgs;gif;jpg;jpeg;jpe;resx;tiff;tif;png;wav;mfcribbon-ms</Extensions>
    </Filter>
    <Filter Include="Source Files\1_Heap">
      <UniqueIdentifier>{5ea6ea82-c84d-447d-87a2-b70420087b4c}</UniqueIdentifier>
    </Filter>
    <Filter Include="Source Files\2_Fenwick">
      <UniqueIdentifier>{5f8ad0bf-5490-450a-9005-cd3accb7f126}</UniqueIdentifier>
    </Filter>
    <Filter Include="Source Files\3_Sparse_Sqrt">
      <UniqueIdentifier>{45b8943a-2aaf-4f38-83d9-f8a46d6c831c}</UniqueIdentifier>
    </Filter>
    <Filter Include="Source Files\4_Hash">
      <UniqueIdentifier>{fb81d547-fb80-4046-930e-4be4bf9f8e3f}</UniqueIdentifier>
    </Filter>
  </ItemGroup>
  <ItemGroup>
    <ClCompile Include="..\src\1_Heap\a_makeHeap.cpp">
      <Filter>Source Files\1_Heap</Filter>
    </ClCompile>
    <ClCompile Include="..\src\1_Heap\b_heapSort.cpp">
      <Filter>Source Files\1_Heap</Filter>
    </ClCompile>
    <ClCompile Include="..\src\1_Heap\c_heapAndBoard.cpp">
      <Filter>Source Files\1_Heap</Filter>
    </ClCompile>
    <ClCompile Include="..\src\2_Fenwick\a_RSQ.cpp">
      <Filter>Source Files\2_Fenwick</Filter>
    </ClCompile>
    <ClCompile Include="..\src\1_Heap\e_segmentColoring.cpp">
      <Filter>Source Files\1_Heap</Filter>
    </ClCompile>
    <ClCompile Include="..\src\1_Heap\f_pNumbers.cpp">
      <Filter>Source Files\1_Heap</Filter>
    </ClCompile>
    <ClCompile Include="..\src\2_Fenwick\c_inversions.cpp">
      <Filter>Source Files\2_Fenwick</Filter>
    </ClCompile>
    <ClCompile Include="..\src\2_Fenwick\d_stars.cpp">
      <Filter>Source Files\2_Fenwick</Filter>
    </ClCompile>
    <ClCompile Include="..\src\2_Fenwick\e_RPQ.cpp">
      <Filter>Source Files\2_Fenwick</Filter>
    </ClCompile>
    <ClCompile Include="..\src\2_Fenwick\f_rectangles.cpp">
      <Filter>Source Files\2_Fenwick</Filter>
    </ClCompile>
    <ClCompile Include="..\src\2_Fenwick\b_segmentUpdates.cpp">
      <Filter>Source Files\2_Fenwick</Filter>
    </ClCompile>
    <ClCompile Include="..\src\3_Sparce_Sqrt\a_staticRMQ.cpp">
      <Filter>Source Files\3_Sparse_Sqrt</Filter>
    </ClCompile>
    <ClCompile Include="..\src\3_Sparce_Sqrt\b_treeParents.cpp">
      <Filter>Source Files\3_Sparse_Sqrt</Filter>
    </ClCompile>
    <ClCompile Include="..\src\3_Sparce_Sqrt\c_dynamicRMQ.cpp">
      <Filter>Source Files\3_Sparse_Sqrt</Filter>
    </ClCompile>
    <ClCompile Include="..\src\3_Sparce_Sqrt\e_persistentStack.cpp">
      <Filter>Source Files\3_Sparse_Sqrt</Filter>
    </ClCompile>
    <ClCompile Include="..\src\4_Hash\a_antiQuickSort.cpp">
      <Filter>Source Files\4_Hash</Filter>
    </ClCompile>
    <ClCompile Include="..\src\4_Hash\b_orderStatistics.cpp">
      <Filter>Source Files\4_Hash</Filter>
    </ClCompile>
  </ItemGroup>
</Project>